
Microsoft Visual Studio Solution File, Format Version 12.00
# Visual Studio Version 17
VisualStudioVersion = 17.0.32014.148
MinimumVisualStudioVersion = 10.0.40219.1
Project("{FAE04EC0-301F-11D3-BF4B-00C04F79EFBC}") = "Sweet_Management_Tool", "Sweet_Management_Tool.csproj", "{383BC219-74D8-4FDA-BB4E-BF3AFDB90905}"
EndProject
Global
	GlobalSection(SolutionConfigurationPlatforms) = preSolution
		Debug|Any CPU = Debug|Any CPU
		Release|Any CPU = Release|Any CPU
	EndGlobalSection
	GlobalSection(ProjectConfigurationPlatforms) = postSolution
		{383BC219-74D8-4FDA-BB4E-BF3AFDB90905}.Debug|Any CPU.ActiveCfg = Debug|Any CPU
		{383BC219-74D8-4FDA-BB4E-BF3AFDB90905}.Debug|Any CPU.Build.0 = Debug|Any CPU
		{383BC219-74D8-4FDA-BB4E-BF3AFDB90905}.Release|Any CPU.ActiveCfg = Release|Any CPU
		{383BC219-74D8-4FDA-BB4E-BF3AFDB90905}.Release|Any CPU.Build.0 = Release|Any CPU
	EndGlobalSection
	GlobalSection(SolutionProperties) = preSolution
		HideSolutionNode = FALSE
	EndGlobalSection
	GlobalSection(ExtensibilityGlobals) = postSolution
		SolutionGuid = {A25993CB-7A69-4857-9F8F-C66C2B8C68E3}
	EndGlobalSection
EndGlobal
